// !$*UTF8*$!
{
	archiveVersion = 1;
	classes = {
	};
	objectVersion = 48;
	objects = {

/* Begin PBXBuildFile section */
		59FC3B5A209B16E20092DF6D /* AppDelegate.swift in Sources */ = {isa = PBXBuildFile; fileRef = 59FC3B59209B16E20092DF6D /* AppDelegate.swift */; };
		59FC3B5F209B16E20092DF6D /* Main.storyboard in Resources */ = {isa = PBXBuildFile; fileRef = 59FC3B5D209B16E20092DF6D /* Main.storyboard */; };
		59FC3B61209B16E20092DF6D /* Assets.xcassets in Resources */ = {isa = PBXBuildFile; fileRef = 59FC3B60209B16E20092DF6D /* Assets.xcassets */; };
		59FC3B64209B16E20092DF6D /* LaunchScreen.storyboard in Resources */ = {isa = PBXBuildFile; fileRef = 59FC3B62209B16E20092DF6D /* LaunchScreen.storyboard */; };
		59FC3B6F209B16E20092DF6D /* ContactsTests.swift in Sources */ = {isa = PBXBuildFile; fileRef = 59FC3B6E209B16E20092DF6D /* ContactsTests.swift */; };
		59FC3B7A209B16E20092DF6D /* ContactsUITests.swift in Sources */ = {isa = PBXBuildFile; fileRef = 59FC3B79209B16E20092DF6D /* ContactsUITests.swift */; };
/* End PBXBuildFile section */

/* Begin PBXContainerItemProxy section */
		59FC3B6B209B16E20092DF6D /* PBXContainerItemProxy */ = {
			isa = PBXContainerItemProxy;
			containerPortal = 59FC3B4E209B16E20092DF6D /* Project object */;
			proxyType = 1;
			remoteGlobalIDString = 59FC3B55209B16E20092DF6D;
			remoteInfo = Contacts;
		};
		59FC3B76209B16E20092DF6D /* PBXContainerItemProxy */ = {
			isa = PBXContainerItemProxy;
			containerPortal = 59FC3B4E209B16E20092DF6D /* Project object */;
			proxyType = 1;
			remoteGlobalIDString = 59FC3B55209B16E20092DF6D;
			remoteInfo = Contacts;
		};
/* End PBXContainerItemProxy section */

/* Begin PBXFileReference section */
		59FC3B56209B16E20092DF6D /* Contacts.app */ = {isa = PBXFileReference; explicitFileType = wrapper.application; includeInIndex = 0; path = Contacts.app; sourceTree = BUILT_PRODUCTS_DIR; };
		59FC3B59209B16E20092DF6D /* AppDelegate.swift */ = {isa = PBXFileReference; lastKnownFileType = sourcecode.swift; path = AppDelegate.swift; sourceTree = "<group>"; };
		59FC3B5E209B16E20092DF6D /* Base */ = {isa = PBXFileReference; lastKnownFileType = file.storyboard; name = Base; path = Base.lproj/Main.storyboard; sourceTree = "<group>"; };
		59FC3B60209B16E20092DF6D /* Assets.xcassets */ = {isa = PBXFileReference; lastKnownFileType = folder.assetcatalog; path = Assets.xcassets; sourceTree = "<group>"; };
		59FC3B63209B16E20092DF6D /* Base */ = {isa = PBXFileReference; lastKnownFileType = file.storyboard; name = Base; path = Base.lproj/LaunchScreen.storyboard; sourceTree = "<group>"; };
		59FC3B65209B16E20092DF6D /* Info.plist */ = {isa = PBXFileReference; lastKnownFileType = text.plist.xml; path = Info.plist; sourceTree = "<group>"; };
		59FC3B6A209B16E20092DF6D /* ContactsTests.xctest */ = {isa = PBXFileReference; explicitFileType = wrapper.cfbundle; includeInIndex = 0; path = ContactsTests.xctest; sourceTree = BUILT_PRODUCTS_DIR; };
		59FC3B6E209B16E20092DF6D /* ContactsTests.swift */ = {isa = PBXFileReference; lastKnownFileType = sourcecode.swift; path = ContactsTests.swift; sourceTree = "<group>"; };
		59FC3B70209B16E20092DF6D /* Info.plist */ = {isa = PBXFileReference; lastKnownFileType = text.plist.xml; path = Info.plist; sourceTree = "<group>"; };
		59FC3B75209B16E20092DF6D /* ContactsUITests.xctest */ = {isa = PBXFileReference; explicitFileType = wrapper.cfbundle; includeInIndex = 0; path = ContactsUITests.xctest; sourceTree = BUILT_PRODUCTS_DIR; };
		59FC3B79209B16E20092DF6D /* ContactsUITests.swift */ = {isa = PBXFileReference; lastKnownFileType = sourcecode.swift; path = ContactsUITests.swift; sourceTree = "<group>"; };
		59FC3B7B209B16E20092DF6D /* Info.plist */ = {isa = PBXFileReference; lastKnownFileType = text.plist.xml; path = Info.plist; sourceTree = "<group>"; };
/* End PBXFileReference section */

/* Begin PBXFrameworksBuildPhase section */
		59FC3B53209B16E20092DF6D /* Frameworks */ = {
			isa = PBXFrameworksBuildPhase;
			buildActionMask = 2147483647;
			files = (
			);
			runOnlyForDeploymentPostprocessing = 0;
		};
		59FC3B67209B16E20092DF6D /* Frameworks */ = {
			isa = PBXFrameworksBuildPhase;
			buildActionMask = 2147483647;
			files = (
			);
			runOnlyForDeploymentPostprocessing = 0;
		};
		59FC3B72209B16E20092DF6D /* Frameworks */ = {
			isa = PBXFrameworksBuildPhase;
			buildActionMask = 2147483647;
			files = (
			);
			runOnlyForDeploymentPostprocessing = 0;
		};
/* End PBXFrameworksBuildPhase section */

/* Begin PBXGroup section */
		59FC3B4D209B16E20092DF6D = {
			isa = PBXGroup;
			children = (
				59FC3B58209B16E20092DF6D /* Contacts */,
				59FC3B6D209B16E20092DF6D /* ContactsTests */,
				59FC3B78209B16E20092DF6D /* ContactsUITests */,
				59FC3B57209B16E20092DF6D /* Products */,
			);
			sourceTree = "<group>";
		};
		59FC3B57209B16E20092DF6D /* Products */ = {
			isa = PBXGroup;
			children = (
				59FC3B56209B16E20092DF6D /* Contacts.app */,
				59FC3B6A209B16E20092DF6D /* ContactsTests.xctest */,
				59FC3B75209B16E20092DF6D /* ContactsUITests.xctest */,
			);
			name = Products;
			sourceTree = "<group>";
		};
		59FC3B58209B16E20092DF6D /* Contacts */ = {
			isa = PBXGroup;
			children = (
				59FC3B87209BE9860092DF6D /* Modules */,
				59FC3B59209B16E20092DF6D /* AppDelegate.swift */,
				59FC3B5D209B16E20092DF6D /* Main.storyboard */,
				59FC3B60209B16E20092DF6D /* Assets.xcassets */,
				59FC3B62209B16E20092DF6D /* LaunchScreen.storyboard */,
				59FC3B65209B16E20092DF6D /* Info.plist */,
			);
			path = Contacts;
			sourceTree = "<group>";
		};
		59FC3B6D209B16E20092DF6D /* ContactsTests */ = {
			isa = PBXGroup;
			children = (
				59FC3B6E209B16E20092DF6D /* ContactsTests.swift */,
				59FC3B70209B16E20092DF6D /* Info.plist */,
			);
			path = ContactsTests;
			sourceTree = "<group>";
		};
		59FC3B78209B16E20092DF6D /* ContactsUITests */ = {
			isa = PBXGroup;
			children = (
				59FC3B79209B16E20092DF6D /* ContactsUITests.swift */,
				59FC3B7B209B16E20092DF6D /* Info.plist */,
			);
			path = ContactsUITests;
			sourceTree = "<group>";
		};
		59FC3B87209BE9860092DF6D /* Modules */ = {
			isa = PBXGroup;
			children = (
				59FC3B8A209BE9C10092DF6D /* AddOrEditContactModule */,
				59FC3B89209BE9AC0092DF6D /* ContactDetailsModule */,
				59FC3B88209BE99D0092DF6D /* ContactsListModule */,
			);
			path = Modules;
			sourceTree = "<group>";
		};
		59FC3B88209BE99D0092DF6D /* ContactsListModule */ = {
			isa = PBXGroup;
			children = (
				59FC3B90209BEB520092DF6D /* WireFrame */,
				59FC3B8F209BEB4B0092DF6D /* View */,
				59FC3B8E209BEB440092DF6D /* Protocols */,
				59FC3B8D209BEADB0092DF6D /* Presenter */,
				59FC3B8C209BEAAF0092DF6D /* DataManager */,
				59FC3B8B209BEA880092DF6D /* Interactor */,
			);
			path = ContactsListModule;
			sourceTree = "<group>";
		};
		59FC3B89209BE9AC0092DF6D /* ContactDetailsModule */ = {
			isa = PBXGroup;
			children = (
				59FC3B91209BEB680092DF6D /* WireFrame */,
				59FC3B93209BEB680092DF6D /* View */,
				59FC3B95209BEB680092DF6D /* Protocols */,
				59FC3B96209BEB680092DF6D /* Presenter */,
				59FC3B92209BEB680092DF6D /* DataManager */,
				59FC3B94209BEB680092DF6D /* Interactor */,
			);
			path = ContactDetailsModule;
			sourceTree = "<group>";
		};
		59FC3B8A209BE9C10092DF6D /* AddOrEditContactModule */ = {
			isa = PBXGroup;
			children = (
				59FC3B97209BEB780092DF6D /* WireFrame */,
				59FC3B9B209BEB790092DF6D /* View */,
				59FC3B99209BEB780092DF6D /* Protocols */,
				59FC3B98209BEB780092DF6D /* Presenter */,
				59FC3B9C209BEB790092DF6D /* DataManager */,
				59FC3B9A209BEB790092DF6D /* Interactor */,
			);
			path = AddOrEditContactModule;
			sourceTree = "<group>";
		};
		59FC3B8B209BEA880092DF6D /* Interactor */ = {
			isa = PBXGroup;
			children = (
			);
			path = Interactor;
			sourceTree = "<group>";
		};
		59FC3B8C209BEAAF0092DF6D /* DataManager */ = {
			isa = PBXGroup;
			children = (
			);
			path = DataManager;
			sourceTree = "<group>";
		};
		59FC3B8D209BEADB0092DF6D /* Presenter */ = {
			isa = PBXGroup;
			children = (
			);
			path = Presenter;
			sourceTree = "<group>";
		};
		59FC3B8E209BEB440092DF6D /* Protocols */ = {
			isa = PBXGroup;
			children = (
			);
			path = Protocols;
			sourceTree = "<group>";
		};
		59FC3B8F209BEB4B0092DF6D /* View */ = {
			isa = PBXGroup;
			children = (
			);
			path = View;
			sourceTree = "<group>";
		};
		59FC3B90209BEB520092DF6D /* WireFrame */ = {
			isa = PBXGroup;
			children = (
			);
			path = WireFrame;
			sourceTree = "<group>";
		};
		59FC3B91209BEB680092DF6D /* WireFrame */ = {
			isa = PBXGroup;
			children = (
			);
			path = WireFrame;
			sourceTree = "<group>";
		};
		59FC3B92209BEB680092DF6D /* DataManager */ = {
			isa = PBXGroup;
			children = (
			);
			path = DataManager;
			sourceTree = "<group>";
		};
		59FC3B93209BEB680092DF6D /* View */ = {
			isa = PBXGroup;
			children = (
			);
			path = View;
			sourceTree = "<group>";
		};
		59FC3B94209BEB680092DF6D /* Interactor */ = {
			isa = PBXGroup;
			children = (
			);
			path = Interactor;
			sourceTree = "<group>";
		};
		59FC3B95209BEB680092DF6D /* Protocols */ = {
			isa = PBXGroup;
			children = (
			);
			path = Protocols;
			sourceTree = "<group>";
		};
		59FC3B96209BEB680092DF6D /* Presenter */ = {
			isa = PBXGroup;
			children = (
			);
			path = Presenter;
			sourceTree = "<group>";
		};
		59FC3B97209BEB780092DF6D /* WireFrame */ = {
			isa = PBXGroup;
			children = (
			);
			path = WireFrame;
			sourceTree = "<group>";
		};
		59FC3B98209BEB780092DF6D /* Presenter */ = {
			isa = PBXGroup;
			children = (
			);
			path = Presenter;
			sourceTree = "<group>";
		};
		59FC3B99209BEB780092DF6D /* Protocols */ = {
			isa = PBXGroup;
			children = (
			);
			path = Protocols;
			sourceTree = "<group>";
		};
		59FC3B9A209BEB790092DF6D /* Interactor */ = {
			isa = PBXGroup;
			children = (
			);
			path = Interactor;
			sourceTree = "<group>";
		};
		59FC3B9B209BEB790092DF6D /* View */ = {
			isa = PBXGroup;
			children = (
			);
			path = View;
			sourceTree = "<group>";
		};
		59FC3B9C209BEB790092DF6D /* DataManager */ = {
			isa = PBXGroup;
			children = (
			);
			path = DataManager;
			sourceTree = "<group>";
		};
/* End PBXGroup section */

/* Begin PBXNativeTarget section */
		59FC3B55209B16E20092DF6D /* Contacts */ = {
			isa = PBXNativeTarget;
			buildConfigurationList = 59FC3B7E209B16E20092DF6D /* Build configuration list for PBXNativeTarget "Contacts" */;
			buildPhases = (
				59FC3B52209B16E20092DF6D /* Sources */,
				59FC3B53209B16E20092DF6D /* Frameworks */,
				59FC3B54209B16E20092DF6D /* Resources */,
			);
			buildRules = (
			);
			dependencies = (
			);
			name = Contacts;
			productName = Contacts;
			productReference = 59FC3B56209B16E20092DF6D /* Contacts.app */;
			productType = "com.apple.product-type.application";
		};
		59FC3B69209B16E20092DF6D /* ContactsTests */ = {
			isa = PBXNativeTarget;
			buildConfigurationList = 59FC3B81209B16E20092DF6D /* Build configuration list for PBXNativeTarget "ContactsTests" */;
			buildPhases = (
				59FC3B66209B16E20092DF6D /* Sources */,
				59FC3B67209B16E20092DF6D /* Frameworks */,
				59FC3B68209B16E20092DF6D /* Resources */,
			);
			buildRules = (
			);
			dependencies = (
				59FC3B6C209B16E20092DF6D /* PBXTargetDependency */,
			);
			name = ContactsTests;
			productName = ContactsTests;
			productReference = 59FC3B6A209B16E20092DF6D /* ContactsTests.xctest */;
			productType = "com.apple.product-type.bundle.unit-test";
		};
		59FC3B74209B16E20092DF6D /* ContactsUITests */ = {
			isa = PBXNativeTarget;
			buildConfigurationList = 59FC3B84209B16E20092DF6D /* Build configuration list for PBXNativeTarget "ContactsUITests" */;
			buildPhases = (
				59FC3B71209B16E20092DF6D /* Sources */,
				59FC3B72209B16E20092DF6D /* Frameworks */,
				59FC3B73209B16E20092DF6D /* Resources */,
			);
			buildRules = (
			);
			dependencies = (
				59FC3B77209B16E20092DF6D /* PBXTargetDependency */,
			);
			name = ContactsUITests;
			productName = ContactsUITests;
			productReference = 59FC3B75209B16E20092DF6D /* ContactsUITests.xctest */;
			productType = "com.apple.product-type.bundle.ui-testing";
		};
/* End PBXNativeTarget section */

/* Begin PBXProject section */
		59FC3B4E209B16E20092DF6D /* Project object */ = {
			isa = PBXProject;
			attributes = {
				LastSwiftUpdateCheck = 0920;
				LastUpgradeCheck = 0920;
				ORGANIZATIONNAME = Nithin;
				TargetAttributes = {
					59FC3B55209B16E20092DF6D = {
						CreatedOnToolsVersion = 9.2;
						ProvisioningStyle = Automatic;
					};
					59FC3B69209B16E20092DF6D = {
						CreatedOnToolsVersion = 9.2;
						ProvisioningStyle = Automatic;
						TestTargetID = 59FC3B55209B16E20092DF6D;
					};
					59FC3B74209B16E20092DF6D = {
						CreatedOnToolsVersion = 9.2;
						ProvisioningStyle = Automatic;
						TestTargetID = 59FC3B55209B16E20092DF6D;
					};
				};
			};
			buildConfigurationList = 59FC3B51209B16E20092DF6D /* Build configuration list for PBXProject "Contacts" */;
			compatibilityVersion = "Xcode 8.0";
			developmentRegion = en;
			hasScannedForEncodings = 0;
			knownRegions = (
				en,
				Base,
			);
			mainGroup = 59FC3B4D209B16E20092DF6D;
			productRefGroup = 59FC3B57209B16E20092DF6D /* Products */;
			projectDirPath = "";
			projectRoot = "";
			targets = (
				59FC3B55209B16E20092DF6D /* Contacts */,
				59FC3B69209B16E20092DF6D /* ContactsTests */,
				59FC3B74209B16E20092DF6D /* ContactsUITests */,
			);
		};
/* End PBXProject section */

/* Begin PBXResourcesBuildPhase section */
		59FC3B54209B16E20092DF6D /* Resources */ = {
			isa = PBXResourcesBuildPhase;
			buildActionMask = 2147483647;
			files = (
				59FC3B64209B16E20092DF6D /* LaunchScreen.storyboard in Resources */,
				59FC3B61209B16E20092DF6D /* Assets.xcassets in Resources */,
				59FC3B5F209B16E20092DF6D /* Main.storyboard in Resources */,
			);
			runOnlyForDeploymentPostprocessing = 0;
		};
		59FC3B68209B16E20092DF6D /* Resources */ = {
			isa = PBXResourcesBuildPhase;
			buildActionMask = 2147483647;
			files = (
			);
			runOnlyForDeploymentPostprocessing = 0;
		};
		59FC3B73209B16E20092DF6D /* Resources */ = {
			isa = PBXResourcesBuildPhase;
			buildActionMask = 2147483647;
			files = (
			);
			runOnlyForDeploymentPostprocessing = 0;
		};
/* End PBXResourcesBuildPhase section */

/* Begin PBXSourcesBuildPhase section */
		59FC3B52209B16E20092DF6D /* Sources */ = {
			isa = PBXSourcesBuildPhase;
			buildActionMask = 2147483647;
			files = (
				59FC3B5A209B16E20092DF6D /* AppDelegate.swift in Sources */,
			);
			runOnlyForDeploymentPostprocessing = 0;
		};
		59FC3B66209B16E20092DF6D /* Sources */ = {
			isa = PBXSourcesBuildPhase;
			buildActionMask = 2147483647;
			files = (
				59FC3B6F209B16E20092DF6D /* ContactsTests.swift in Sources */,
			);
			runOnlyForDeploymentPostprocessing = 0;
		};
		59FC3B71209B16E20092DF6D /* Sources */ = {
			isa = PBXSourcesBuildPhase;
			buildActionMask = 2147483647;
			files = (
				59FC3B7A209B16E20092DF6D /* ContactsUITests.swift in Sources */,
			);
			runOnlyForDeploymentPostprocessing = 0;
		};
/* End PBXSourcesBuildPhase section */

/* Begin PBXTargetDependency section */
		59FC3B6C209B16E20092DF6D /* PBXTargetDependency */ = {
			isa = PBXTargetDependency;
			target = 59FC3B55209B16E20092DF6D /* Contacts */;
			targetProxy = 59FC3B6B209B16E20092DF6D /* PBXContainerItemProxy */;
		};
		59FC3B77209B16E20092DF6D /* PBXTargetDependency */ = {
			isa = PBXTargetDependency;
			target = 59FC3B55209B16E20092DF6D /* Contacts */;
			targetProxy = 59FC3B76209B16E20092DF6D /* PBXContainerItemProxy */;
		};
/* End PBXTargetDependency section */

/* Begin PBXVariantGroup section */
		59FC3B5D209B16E20092DF6D /* Main.storyboard */ = {
			isa = PBXVariantGroup;
			children = (
				59FC3B5E209B16E20092DF6D /* Base */,
			);
			name = Main.storyboard;
			sourceTree = "<group>";
		};
		59FC3B62209B16E20092DF6D /* LaunchScreen.storyboard */ = {
			isa = PBXVariantGroup;
			children = (
				59FC3B63209B16E20092DF6D /* Base */,
			);
			name = LaunchScreen.storyboard;
			sourceTree = "<group>";
		};
/* End PBXVariantGroup section */

/* Begin XCBuildConfiguration section */
		59FC3B7C209B16E20092DF6D /* Debug */ = {
			isa = XCBuildConfiguration;
			buildSettings = {
				ALWAYS_SEARCH_USER_PATHS = NO;
				CLANG_ANALYZER_NONNULL = YES;
				CLANG_ANALYZER_NUMBER_OBJECT_CONVERSION = YES_AGGRESSIVE;
				CLANG_CXX_LANGUAGE_STANDARD = "gnu++14";
				CLANG_CXX_LIBRARY = "libc++";
				CLANG_ENABLE_MODULES = YES;
				CLANG_ENABLE_OBJC_ARC = YES;
				CLANG_WARN_BLOCK_CAPTURE_AUTORELEASING = YES;
				CLANG_WARN_BOOL_CONVERSION = YES;
				CLANG_WARN_COMMA = YES;
				CLANG_WARN_CONSTANT_CONVERSION = YES;
				CLANG_WARN_DIRECT_OBJC_ISA_USAGE = YES_ERROR;
				CLANG_WARN_DOCUMENTATION_COMMENTS = YES;
				CLANG_WARN_EMPTY_BODY = YES;
				CLANG_WARN_ENUM_CONVERSION = YES;
				CLANG_WARN_INFINITE_RECURSION = YES;
				CLANG_WARN_INT_CONVERSION = YES;
				CLANG_WARN_NON_LITERAL_NULL_CONVERSION = YES;
				CLANG_WARN_OBJC_LITERAL_CONVERSION = YES;
				CLANG_WARN_OBJC_ROOT_CLASS = YES_ERROR;
				CLANG_WARN_RANGE_LOOP_ANALYSIS = YES;
				CLANG_WARN_STRICT_PROTOTYPES = YES;
				CLANG_WARN_SUSPICIOUS_MOVE = YES;
				CLANG_WARN_UNGUARDED_AVAILABILITY = YES_AGGRESSIVE;
				CLANG_WARN_UNREACHABLE_CODE = YES;
				CLANG_WARN__DUPLICATE_METHOD_MATCH = YES;
				CODE_SIGN_IDENTITY = "iPhone Developer";
				COPY_PHASE_STRIP = NO;
				DEBUG_INFORMATION_FORMAT = dwarf;
				ENABLE_STRICT_OBJC_MSGSEND = YES;
				ENABLE_TESTABILITY = YES;
				GCC_C_LANGUAGE_STANDARD = gnu11;
				GCC_DYNAMIC_NO_PIC = NO;
				GCC_NO_COMMON_BLOCKS = YES;
				GCC_OPTIMIZATION_LEVEL = 0;
				GCC_PREPROCESSOR_DEFINITIONS = (
					"DEBUG=1",
					"$(inherited)",
				);
				GCC_WARN_64_TO_32_BIT_CONVERSION = YES;
				GCC_WARN_ABOUT_RETURN_TYPE = YES_ERROR;
				GCC_WARN_UNDECLARED_SELECTOR = YES;
				GCC_WARN_UNINITIALIZED_AUTOS = YES_AGGRESSIVE;
				GCC_WARN_UNUSED_FUNCTION = YES;
				GCC_WARN_UNUSED_VARIABLE = YES;
				IPHONEOS_DEPLOYMENT_TARGET = 11.2;
				MTL_ENABLE_DEBUG_INFO = YES;
				ONLY_ACTIVE_ARCH = YES;
				SDKROOT = iphoneos;
				SWIFT_ACTIVE_COMPILATION_CONDITIONS = DEBUG;
				SWIFT_OPTIMIZATION_LEVEL = "-Onone";
			};
			name = Debug;
		};
		59FC3B7D209B16E20092DF6D /* Release */ = {
			isa = XCBuildConfiguration;
			buildSettings = {
				ALWAYS_SEARCH_USER_PATHS = NO;
				CLANG_ANALYZER_NONNULL = YES;
				CLANG_ANALYZER_NUMBER_OBJECT_CONVERSION = YES_AGGRESSIVE;
				CLANG_CXX_LANGUAGE_STANDARD = "gnu++14";
				CLANG_CXX_LIBRARY = "libc++";
				CLANG_ENABLE_MODULES = YES;
				CLANG_ENABLE_OBJC_ARC = YES;
				CLANG_WARN_BLOCK_CAPTURE_AUTORELEASING = YES;
				CLANG_WARN_BOOL_CONVERSION = YES;
				CLANG_WARN_COMMA = YES;
				CLANG_WARN_CONSTANT_CONVERSION = YES;
				CLANG_WARN_DIRECT_OBJC_ISA_USAGE = YES_ERROR;
				CLANG_WARN_DOCUMENTATION_COMMENTS = YES;
				CLANG_WARN_EMPTY_BODY = YES;
				CLANG_WARN_ENUM_CONVERSION = YES;
				CLANG_WARN_INFINITE_RECURSION = YES;
				CLANG_WARN_INT_CONVERSION = YES;
				CLANG_WARN_NON_LITERAL_NULL_CONVERSION = YES;
				CLANG_WARN_OBJC_LITERAL_CONVERSION = YES;
				CLANG_WARN_OBJC_ROOT_CLASS = YES_ERROR;
				CLANG_WARN_RANGE_LOOP_ANALYSIS = YES;
				CLANG_WARN_STRICT_PROTOTYPES = YES;
				CLANG_WARN_SUSPICIOUS_MOVE = YES;
				CLANG_WARN_UNGUARDED_AVAILABILITY = YES_AGGRESSIVE;
				CLANG_WARN_UNREACHABLE_CODE = YES;
				CLANG_WARN__DUPLICATE_METHOD_MATCH = YES;
				CODE_SIGN_IDENTITY = "iPhone Developer";
				COPY_PHASE_STRIP = NO;
				DEBUG_INFORMATION_FORMAT = "dwarf-with-dsym";
				ENABLE_NS_ASSERTIONS = NO;
				ENABLE_STRICT_OBJC_MSGSEND = YES;
				GCC_C_LANGUAGE_STANDARD = gnu11;
				GCC_NO_COMMON_BLOCKS = YES;
				GCC_WARN_64_TO_32_BIT_CONVERSION = YES;
				GCC_WARN_ABOUT_RETURN_TYPE = YES_ERROR;
				GCC_WARN_UNDECLARED_SELECTOR = YES;
				GCC_WARN_UNINITIALIZED_AUTOS = YES_AGGRESSIVE;
				GCC_WARN_UNUSED_FUNCTION = YES;
				GCC_WARN_UNUSED_VARIABLE = YES;
				IPHONEOS_DEPLOYMENT_TARGET = 11.2;
				MTL_ENABLE_DEBUG_INFO = NO;
				SDKROOT = iphoneos;
				SWIFT_OPTIMIZATION_LEVEL = "-Owholemodule";
				VALIDATE_PRODUCT = YES;
			};
			name = Release;
		};
		59FC3B7F209B16E20092DF6D /* Debug */ = {
			isa = XCBuildConfiguration;
			buildSettings = {
				ASSETCATALOG_COMPILER_APPICON_NAME = AppIcon;
				CODE_SIGN_STYLE = Automatic;
				DEVELOPMENT_TEAM = P56KSS6ZGU;
				INFOPLIST_FILE = Contacts/Info.plist;
				LD_RUNPATH_SEARCH_PATHS = "$(inherited) @executable_path/Frameworks";
				PRODUCT_BUNDLE_IDENTIFIER = com.nithinKrishna.Contacts;
				PRODUCT_NAME = "$(TARGET_NAME)";
				SWIFT_VERSION = 4.0;
				TARGETED_DEVICE_FAMILY = "1,2";
			};
			name = Debug;
		};
		59FC3B80209B16E20092DF6D /* Release */ = {
			isa = XCBuildConfiguration;
			buildSettings = {
				ASSETCATALOG_COMPILER_APPICON_NAME = AppIcon;
				CODE_SIGN_STYLE = Automatic;
				DEVELOPMENT_TEAM = P56KSS6ZGU;
				INFOPLIST_FILE = Contacts/Info.plist;
				LD_RUNPATH_SEARCH_PATHS = "$(inherited) @executable_path/Frameworks";
				PRODUCT_BUNDLE_IDENTIFIER = com.nithinKrishna.Contacts;
				PRODUCT_NAME = "$(TARGET_NAME)";
				SWIFT_VERSION = 4.0;
				TARGETED_DEVICE_FAMILY = "1,2";
			};
			name = Release;
		};
		59FC3B82209B16E20092DF6D /* Debug */ = {
			isa = XCBuildConfiguration;
			buildSettings = {
				ALWAYS_EMBED_SWIFT_STANDARD_LIBRARIES = YES;
				BUNDLE_LOADER = "$(TEST_HOST)";
				CODE_SIGN_STYLE = Automatic;
				DEVELOPMENT_TEAM = P56KSS6ZGU;
				INFOPLIST_FILE = ContactsTests/Info.plist;
				LD_RUNPATH_SEARCH_PATHS = "$(inherited) @executable_path/Frameworks @loader_path/Frameworks";
				PRODUCT_BUNDLE_IDENTIFIER = com.nithinKrishna.ContactsTests;
				PRODUCT_NAME = "$(TARGET_NAME)";
				SWIFT_VERSION = 4.0;
				TARGETED_DEVICE_FAMILY = "1,2";
				TEST_HOST = "$(BUILT_PRODUCTS_DIR)/Contacts.app/Contacts";
			};
			name = Debug;
		};
		59FC3B83209B16E20092DF6D /* Release */ = {
			isa = XCBuildConfiguration;
			buildSettings = {
				ALWAYS_EMBED_SWIFT_STANDARD_LIBRARIES = YES;
				BUNDLE_LOADER = "$(TEST_HOST)";
				CODE_SIGN_STYLE = Automatic;
				DEVELOPMENT_TEAM = P56KSS6ZGU;
				INFOPLIST_FILE = ContactsTests/Info.plist;
				LD_RUNPATH_SEARCH_PATHS = "$(inherited) @executable_path/Frameworks @loader_path/Frameworks";
				PRODUCT_BUNDLE_IDENTIFIER = com.nithinKrishna.ContactsTests;
				PRODUCT_NAME = "$(TARGET_NAME)";
				SWIFT_VERSION = 4.0;
				TARGETED_DEVICE_FAMILY = "1,2";
				TEST_HOST = "$(BUILT_PRODUCTS_DIR)/Contacts.app/Contacts";
			};
			name = Release;
		};
		59FC3B85209B16E20092DF6D /* Debug */ = {
			isa = XCBuildConfiguration;
			buildSettings = {
				ALWAYS_EMBED_SWIFT_STANDARD_LIBRARIES = YES;
				CODE_SIGN_STYLE = Automatic;
				DEVELOPMENT_TEAM = P56KSS6ZGU;
				INFOPLIST_FILE = ContactsUITests/Info.plist;
				LD_RUNPATH_SEARCH_PATHS = "$(inherited) @executable_path/Frameworks @loader_path/Frameworks";
				PRODUCT_BUNDLE_IDENTIFIER = com.nithinKrishna.ContactsUITests;
				PRODUCT_NAME = "$(TARGET_NAME)";
				SWIFT_VERSION = 4.0;
				TARGETED_DEVICE_FAMILY = "1,2";
				TEST_TARGET_NAME = Contacts;
			};
			name = Debug;
		};
		59FC3B86209B16E20092DF6D /* Release */ = {
			isa = XCBuildConfiguration;
			buildSettings = {
				ALWAYS_EMBED_SWIFT_STANDARD_LIBRARIES = YES;
				CODE_SIGN_STYLE = Automatic;
				DEVELOPMENT_TEAM = P56KSS6ZGU;
				INFOPLIST_FILE = ContactsUITests/Info.plist;
				LD_RUNPATH_SEARCH_PATHS = "$(inherited) @executable_path/Frameworks @loader_path/Frameworks";
				PRODUCT_BUNDLE_IDENTIFIER = com.nithinKrishna.ContactsUITests;
				PRODUCT_NAME = "$(TARGET_NAME)";
				SWIFT_VERSION = 4.0;
				TARGETED_DEVICE_FAMILY = "1,2";
				TEST_TARGET_NAME = Contacts;
			};
			name = Release;
		};
/* End XCBuildConfiguration section */

/* Begin XCConfigurationList section */
		59FC3B51209B16E20092DF6D /* Build configuration list for PBXProject "Contacts" */ = {
			isa = XCConfigurationList;
			buildConfigurations = (
				59FC3B7C209B16E20092DF6D /* Debug */,
				59FC3B7D209B16E20092DF6D /* Release */,
			);
			defaultConfigurationIsVisible = 0;
			defaultConfigurationName = Release;
		};
		59FC3B7E209B16E20092DF6D /* Build configuration list for PBXNativeTarget "Contacts" */ = {
			isa = XCConfigurationList;
			buildConfigurations = (
				59FC3B7F209B16E20092DF6D /* Debug */,
				59FC3B80209B16E20092DF6D /* Release */,
			);
			defaultConfigurationIsVisible = 0;
			defaultConfigurationName = Release;
		};
		59FC3B81209B16E20092DF6D /* Build configuration list for PBXNativeTarget "ContactsTests" */ = {
			isa = XCConfigurationList;
			buildConfigurations = (
				59FC3B82209B16E20092DF6D /* Debug */,
				59FC3B83209B16E20092DF6D /* Release */,
			);
			defaultConfigurationIsVisible = 0;
			defaultConfigurationName = Release;
		};
		59FC3B84209B16E20092DF6D /* Build configuration list for PBXNativeTarget "ContactsUITests" */ = {
			isa = XCConfigurationList;
			buildConfigurations = (
				59FC3B85209B16E20092DF6D /* Debug */,
				59FC3B86209B16E20092DF6D /* Release */,
			);
			defaultConfigurationIsVisible = 0;
			defaultConfigurationName = Release;
		};
/* End XCConfigurationList section */
	};
	rootObject = 59FC3B4E209B16E20092DF6D /* Project object */;
}
